// !$*UTF8*$!
{
	archiveVersion = 1;
	classes = {
	};
	objectVersion = 48;
	objects = {

/* Begin PBXBuildFile section */
		2B1D95C42088D05100863F66 /* AppDelegate.swift in Sources */ = {isa = PBXBuildFile; fileRef = 2B1D95C32088D05100863F66 /* AppDelegate.swift */; };
		2B1D95C62088D05100863F66 /* ViewController.swift in Sources */ = {isa = PBXBuildFile; fileRef = 2B1D95C52088D05100863F66 /* ViewController.swift */; };
		2B1D95C92088D05100863F66 /* Main.storyboard in Resources */ = {isa = PBXBuildFile; fileRef = 2B1D95C72088D05100863F66 /* Main.storyboard */; };
		2B1D95CB2088D05100863F66 /* Assets.xcassets in Resources */ = {isa = PBXBuildFile; fileRef = 2B1D95CA2088D05100863F66 /* Assets.xcassets */; };
		2B1D95CE2088D05100863F66 /* LaunchScreen.storyboard in Resources */ = {isa = PBXBuildFile; fileRef = 2B1D95CC2088D05100863F66 /* LaunchScreen.storyboard */; };
		2B8851CA2088D3CA00A4E24B /* FBSDKLoginKit.framework in Frameworks */ = {isa = PBXBuildFile; fileRef = 2B8851C62088D3C900A4E24B /* FBSDKLoginKit.framework */; };
		2B8851CB2088D3CA00A4E24B /* FBSDKShareKit.framework in Frameworks */ = {isa = PBXBuildFile; fileRef = 2B8851C72088D3CA00A4E24B /* FBSDKShareKit.framework */; };
		2B8851CC2088D3CA00A4E24B /* FBSDKCoreKit.framework in Frameworks */ = {isa = PBXBuildFile; fileRef = 2B8851C82088D3CA00A4E24B /* FBSDKCoreKit.framework */; };
		2B8851CD2088D3CA00A4E24B /* Bolts.framework in Frameworks */ = {isa = PBXBuildFile; fileRef = 2B8851C92088D3CA00A4E24B /* Bolts.framework */; };
/* End PBXBuildFile section */

/* Begin PBXFileReference section */
		2B1D95C02088D05100863F66 /* SimpleApp.app */ = {isa = PBXFileReference; explicitFileType = wrapper.application; includeInIndex = 0; path = SimpleApp.app; sourceTree = BUILT_PRODUCTS_DIR; };
		2B1D95C32088D05100863F66 /* AppDelegate.swift */ = {isa = PBXFileReference; lastKnownFileType = sourcecode.swift; path = AppDelegate.swift; sourceTree = "<group>"; };
		2B1D95C52088D05100863F66 /* ViewController.swift */ = {isa = PBXFileReference; lastKnownFileType = sourcecode.swift; path = ViewController.swift; sourceTree = "<group>"; };
		2B1D95C82088D05100863F66 /* Base */ = {isa = PBXFileReference; lastKnownFileType = file.storyboard; name = Base; path = Base.lproj/Main.storyboard; sourceTree = "<group>"; };
		2B1D95CA2088D05100863F66 /* Assets.xcassets */ = {isa = PBXFileReference; lastKnownFileType = folder.assetcatalog; path = Assets.xcassets; sourceTree = "<group>"; };
		2B1D95CD2088D05100863F66 /* Base */ = {isa = PBXFileReference; lastKnownFileType = file.storyboard; name = Base; path = Base.lproj/LaunchScreen.storyboard; sourceTree = "<group>"; };
		2B1D95CF2088D05100863F66 /* Info.plist */ = {isa = PBXFileReference; lastKnownFileType = text.plist.xml; path = Info.plist; sourceTree = "<group>"; };
		2B8851C62088D3C900A4E24B /* FBSDKLoginKit.framework */ = {isa = PBXFileReference; lastKnownFileType = wrapper.framework; path = FBSDKLoginKit.framework; sourceTree = "<group>"; };
		2B8851C72088D3CA00A4E24B /* FBSDKShareKit.framework */ = {isa = PBXFileReference; lastKnownFileType = wrapper.framework; path = FBSDKShareKit.framework; sourceTree = "<group>"; };
		2B8851C82088D3CA00A4E24B /* FBSDKCoreKit.framework */ = {isa = PBXFileReference; lastKnownFileType = wrapper.framework; path = FBSDKCoreKit.framework; sourceTree = "<group>"; };
		2B8851C92088D3CA00A4E24B /* Bolts.framework */ = {isa = PBXFileReference; lastKnownFileType = wrapper.framework; path = Bolts.framework; sourceTree = "<group>"; };
/* End PBXFileReference section */

/* Begin PBXFrameworksBuildPhase section */
		2B1D95BD2088D05100863F66 /* Frameworks */ = {
			isa = PBXFrameworksBuildPhase;
			buildActionMask = 2147483647;
			files = (
				2B8851CB2088D3CA00A4E24B /* FBSDKShareKit.framework in Frameworks */,
				2B8851CC2088D3CA00A4E24B /* FBSDKCoreKit.framework in Frameworks */,
				2B8851CA2088D3CA00A4E24B /* FBSDKLoginKit.framework in Frameworks */,
				2B8851CD2088D3CA00A4E24B /* Bolts.framework in Frameworks */,
			);
			runOnlyForDeploymentPostprocessing = 0;
		};
/* End PBXFrameworksBuildPhase section */

/* Begin PBXGroup section */
		2B1D95B72088D05100863F66 = {
			isa = PBXGroup;
			children = (
				2B1D95C22088D05100863F66 /* SimpleApp */,
				2B1D95D52088D29E00863F66 /* Facebook */,
				2B1D95C12088D05100863F66 /* Products */,
			);
			sourceTree = "<group>";
		};
		2B1D95C12088D05100863F66 /* Products */ = {
			isa = PBXGroup;
			children = (
				2B1D95C02088D05100863F66 /* SimpleApp.app */,
			);
			name = Products;
			sourceTree = "<group>";
		};
		2B1D95C22088D05100863F66 /* SimpleApp */ = {
			isa = PBXGroup;
			children = (
				2B1D95C32088D05100863F66 /* AppDelegate.swift */,
				2B1D95C52088D05100863F66 /* ViewController.swift */,
				2B1D95C72088D05100863F66 /* Main.storyboard */,
				2B1D95CA2088D05100863F66 /* Assets.xcassets */,
				2B1D95CC2088D05100863F66 /* LaunchScreen.storyboard */,
				2B1D95CF2088D05100863F66 /* Info.plist */,
			);
			path = SimpleApp;
			sourceTree = "<group>";
		};
		2B1D95D52088D29E00863F66 /* Facebook */ = {
			isa = PBXGroup;
			children = (
				2B8851C92088D3CA00A4E24B /* Bolts.framework */,
				2B8851C82088D3CA00A4E24B /* FBSDKCoreKit.framework */,
				2B8851C62088D3C900A4E24B /* FBSDKLoginKit.framework */,
				2B8851C72088D3CA00A4E24B /* FBSDKShareKit.framework */,
			);
			path = Facebook;
			sourceTree = "<group>";
		};
/* End PBXGroup section */

/* Begin PBXNativeTarget section */
		2B1D95BF2088D05100863F66 /* SimpleApp */ = {
			isa = PBXNativeTarget;
			buildConfigurationList = 2B1D95D22088D05100863F66 /* Build configuration list for PBXNativeTarget "SimpleApp" */;
			buildPhases = (
				2B1D95BC2088D05100863F66 /* Sources */,
				2B1D95BD2088D05100863F66 /* Frameworks */,
				2B1D95BE2088D05100863F66 /* Resources */,
			);
			buildRules = (
			);
			dependencies = (
			);
			name = SimpleApp;
			productName = SimpleApp;
			productReference = 2B1D95C02088D05100863F66 /* SimpleApp.app */;
			productType = "com.apple.product-type.application";
		};
/* End PBXNativeTarget section */

/* Begin PBXProject section */
		2B1D95B82088D05100863F66 /* Project object */ = {
			isa = PBXProject;
			attributes = {
				LastSwiftUpdateCheck = 0920;
				LastUpgradeCheck = 0920;
				ORGANIZATIONNAME = DKeller;
				TargetAttributes = {
					2B1D95BF2088D05100863F66 = {
						CreatedOnToolsVersion = 9.2;
						ProvisioningStyle = Manual;
					};
				};
			};
			buildConfigurationList = 2B1D95BB2088D05100863F66 /* Build configuration list for PBXProject "SimpleApp" */;
			compatibilityVersion = "Xcode 8.0";
			developmentRegion = en;
			hasScannedForEncodings = 0;
			knownRegions = (
				en,
				Base,
			);
			mainGroup = 2B1D95B72088D05100863F66;
			productRefGroup = 2B1D95C12088D05100863F66 /* Products */;
			projectDirPath = "";
			projectRoot = "";
			targets = (
				2B1D95BF2088D05100863F66 /* SimpleApp */,
			);
		};
/* End PBXProject section */

/* Begin PBXResourcesBuildPhase section */
		2B1D95BE2088D05100863F66 /* Resources */ = {
			isa = PBXResourcesBuildPhase;
			buildActionMask = 2147483647;
			files = (
				2B1D95CE2088D05100863F66 /* LaunchScreen.storyboard in Resources */,
				2B1D95CB2088D05100863F66 /* Assets.xcassets in Resources */,
				2B1D95C92088D05100863F66 /* Main.storyboard in Resources */,
			);
			runOnlyForDeploymentPostprocessing = 0;
		};
/* End PBXResourcesBuildPhase section */

/* Begin PBXSourcesBuildPhase section */
		2B1D95BC2088D05100863F66 /* Sources */ = {
			isa = PBXSourcesBuildPhase;
			buildActionMask = 2147483647;
			files = (
				2B1D95C62088D05100863F66 /* ViewController.swift in Sources */,
				2B1D95C42088D05100863F66 /* AppDelegate.swift in Sources */,
			);
			runOnlyForDeploymentPostprocessing = 0;
		};
/* End PBXSourcesBuildPhase section */

/* Begin PBXVariantGroup section */
		2B1D95C72088D05100863F66 /* Main.storyboard */ = {
			isa = PBXVariantGroup;
			children = (
				2B1D95C82088D05100863F66 /* Base */,
			);
			name = Main.storyboard;
			sourceTree = "<group>";
		};
		2B1D95CC2088D05100863F66 /* LaunchScreen.storyboard */ = {
			isa = PBXVariantGroup;
			children = (
				2B1D95CD2088D05100863F66 /* Base */,
			);
			name = LaunchScreen.storyboard;
			sourceTree = "<group>";
		};
/* End PBXVariantGroup section */

/* Begin XCBuildConfiguration section */
		2B1D95D02088D05100863F66 /* Debug */ = {
			isa = XCBuildConfiguration;
			buildSettings = {
				ALWAYS_SEARCH_USER_PATHS = NO;
				CLANG_ANALYZER_NONNULL = YES;
				CLANG_ANALYZER_NUMBER_OBJECT_CONVERSION = YES_AGGRESSIVE;
				CLANG_CXX_LANGUAGE_STANDARD = "gnu++14";
				CLANG_CXX_LIBRARY = "libc++";
				CLANG_ENABLE_MODULES = YES;
				CLANG_ENABLE_OBJC_ARC = YES;
				CLANG_WARN_BLOCK_CAPTURE_AUTORELEASING = YES;
				CLANG_WARN_BOOL_CONVERSION = YES;
				CLANG_WARN_COMMA = YES;
				CLANG_WARN_CONSTANT_CONVERSION = YES;
				CLANG_WARN_DIRECT_OBJC_ISA_USAGE = YES_ERROR;
				CLANG_WARN_DOCUMENTATION_COMMENTS = YES;
				CLANG_WARN_EMPTY_BODY = YES;
				CLANG_WARN_ENUM_CONVERSION = YES;
				CLANG_WARN_INFINITE_RECURSION = YES;
				CLANG_WARN_INT_CONVERSION = YES;
				CLANG_WARN_NON_LITERAL_NULL_CONVERSION = YES;
				CLANG_WARN_OBJC_LITERAL_CONVERSION = YES;
				CLANG_WARN_OBJC_ROOT_CLASS = YES_ERROR;
				CLANG_WARN_RANGE_LOOP_ANALYSIS = YES;
				CLANG_WARN_STRICT_PROTOTYPES = YES;
				CLANG_WARN_SUSPICIOUS_MOVE = YES;
				CLANG_WARN_UNGUARDED_AVAILABILITY = YES_AGGRESSIVE;
				CLANG_WARN_UNREACHABLE_CODE = YES;
				CLANG_WARN__DUPLICATE_METHOD_MATCH = YES;
				CODE_SIGN_IDENTITY = "iPhone Developer";
				COPY_PHASE_STRIP = NO;
				DEBUG_INFORMATION_FORMAT = dwarf;
				ENABLE_STRICT_OBJC_MSGSEND = YES;
				ENABLE_TESTABILITY = YES;
				GCC_C_LANGUAGE_STANDARD = gnu11;
				GCC_DYNAMIC_NO_PIC = NO;
				GCC_NO_COMMON_BLOCKS = YES;
				GCC_OPTIMIZATION_LEVEL = 0;
				GCC_PREPROCESSOR_DEFINITIONS = (
					"DEBUG=1",
					"$(inherited)",
				);
				GCC_WARN_64_TO_32_BIT_CONVERSION = YES;
				GCC_WARN_ABOUT_RETURN_TYPE = YES_ERROR;
				GCC_WARN_UNDECLARED_SELECTOR = YES;
				GCC_WARN_UNINITIALIZED_AUTOS = YES_AGGRESSIVE;
				GCC_WARN_UNUSED_FUNCTION = YES;
				GCC_WARN_UNUSED_VARIABLE = YES;
				IPHONEOS_DEPLOYMENT_TARGET = 11.2;
				MTL_ENABLE_DEBUG_INFO = YES;
				ONLY_ACTIVE_ARCH = YES;
				SDKROOT = iphoneos;
				SWIFT_ACTIVE_COMPILATION_CONDITIONS = DEBUG;
				SWIFT_OPTIMIZATION_LEVEL = "-Onone";
			};
			name = Debug;
		};
		2B1D95D12088D05100863F66 /* Release */ = {
			isa = XCBuildConfiguration;
			buildSettings = {
				ALWAYS_SEARCH_USER_PATHS = NO;
				CLANG_ANALYZER_NONNULL = YES;
				CLANG_ANALYZER_NUMBER_OBJECT_CONVERSION = YES_AGGRESSIVE;
				CLANG_CXX_LANGUAGE_STANDARD = "gnu++14";
				CLANG_CXX_LIBRARY = "libc++";
				CLANG_ENABLE_MODULES = YES;
				CLANG_ENABLE_OBJC_ARC = YES;
				CLANG_WARN_BLOCK_CAPTURE_AUTORELEASING = YES;
				CLANG_WARN_BOOL_CONVERSION = YES;
				CLANG_WARN_COMMA = YES;
				CLANG_WARN_CONSTANT_CONVERSION = YES;
				CLANG_WARN_DIRECT_OBJC_ISA_USAGE = YES_ERROR;
				CLANG_WARN_DOCUMENTATION_COMMENTS = YES;
				CLANG_WARN_EMPTY_BODY = YES;
				CLANG_WARN_ENUM_CONVERSION = YES;
				CLANG_WARN_INFINITE_RECURSION = YES;
				CLANG_WARN_INT_CONVERSION = YES;
				CLANG_WARN_NON_LITERAL_NULL_CONVERSION = YES;
				CLANG_WARN_OBJC_LITERAL_CONVERSION = YES;
				CLANG_WARN_OBJC_ROOT_CLASS = YES_ERROR;
				CLANG_WARN_RANGE_LOOP_ANALYSIS = YES;
				CLANG_WARN_STRICT_PROTOTYPES = YES;
				CLANG_WARN_SUSPICIOUS_MOVE = YES;
				CLANG_WARN_UNGUARDED_AVAILABILITY = YES_AGGRESSIVE;
				CLANG_WARN_UNREACHABLE_CODE = YES;
				CLANG_WARN__DUPLICATE_METHOD_MATCH = YES;
				CODE_SIGN_IDENTITY = "iPhone Developer";
				COPY_PHASE_STRIP = NO;
				DEBUG_INFORMATION_FORMAT = "dwarf-with-dsym";
				ENABLE_NS_ASSERTIONS = NO;
				ENABLE_STRICT_OBJC_MSGSEND = YES;
				GCC_C_LANGUAGE_STANDARD = gnu11;
				GCC_NO_COMMON_BLOCKS = YES;
				GCC_WARN_64_TO_32_BIT_CONVERSION = YES;
				GCC_WARN_ABOUT_RETURN_TYPE = YES_ERROR;
				GCC_WARN_UNDECLARED_SELECTOR = YES;
				GCC_WARN_UNINITIALIZED_AUTOS = YES_AGGRESSIVE;
				GCC_WARN_UNUSED_FUNCTION = YES;
				GCC_WARN_UNUSED_VARIABLE = YES;
				IPHONEOS_DEPLOYMENT_TARGET = 11.2;
				MTL_ENABLE_DEBUG_INFO = NO;
				SDKROOT = iphoneos;
				SWIFT_OPTIMIZATION_LEVEL = "-Owholemodule";
				VALIDATE_PRODUCT = YES;
			};
			name = Release;
		};
		2B1D95D32088D05100863F66 /* Debug */ = {
			isa = XCBuildConfiguration;
			buildSettings = {
				ASSETCATALOG_COMPILER_APPICON_NAME = AppIcon;
				CODE_SIGN_STYLE = Manual;
				DEVELOPMENT_TEAM = "";
				FRAMEWORK_SEARCH_PATHS = (
					"$(inherited)",
					"$(PROJECT_DIR)",
					"$(PROJECT_DIR)/Facebook",
				);
				INFOPLIST_FILE = SimpleApp/Info.plist;
				LD_RUNPATH_SEARCH_PATHS = "$(inherited) @executable_path/Frameworks";
				PRODUCT_BUNDLE_IDENTIFIER = DVK.SimpleApp;
				PRODUCT_NAME = "$(TARGET_NAME)";
				PROVISIONING_PROFILE_SPECIFIER = "";
				SWIFT_VERSION = 4.0;
				TARGETED_DEVICE_FAMILY = "1,2";
			};
			name = Debug;
		};
		2B1D95D42088D05100863F66 /* Release */ = {
			isa = XCBuildConfiguration;
			buildSettings = {
				ASSETCATALOG_COMPILER_APPICON_NAME = AppIcon;
				CODE_SIGN_STYLE = Manual;
				DEVELOPMENT_TEAM = "";
				FRAMEWORK_SEARCH_PATHS = (
					"$(inherited)",
					"$(PROJECT_DIR)",
					"$(PROJECT_DIR)/Facebook",
				);
				INFOPLIST_FILE = SimpleApp/Info.plist;
				LD_RUNPATH_SEARCH_PATHS = "$(inherited) @executable_path/Frameworks";
				PRODUCT_BUNDLE_IDENTIFIER = DVK.SimpleApp;
				PRODUCT_NAME = "$(TARGET_NAME)";
				PROVISIONING_PROFILE_SPECIFIER = "";
				SWIFT_VERSION = 4.0;
				TARGETED_DEVICE_FAMILY = "1,2";
			};
			name = Release;
		};
/* End XCBuildConfiguration section */

/* Begin XCConfigurationList section */
		2B1D95BB2088D05100863F66 /* Build configuration list for PBXProject "SimpleApp" */ = {
			isa = XCConfigurationList;
			buildConfigurations = (
				2B1D95D02088D05100863F66 /* Debug */,
				2B1D95D12088D05100863F66 /* Release */,
			);
			defaultConfigurationIsVisible = 0;
			defaultConfigurationName = Release;
		};
		2B1D95D22088D05100863F66 /* Build configuration list for PBXNativeTarget "SimpleApp" */ = {
			isa = XCConfigurationList;
			buildConfigurations = (
				2B1D95D32088D05100863F66 /* Debug */,
				2B1D95D42088D05100863F66 /* Release */,
			);
			defaultConfigurationIsVisible = 0;
			defaultConfigurationName = Release;
		};
/* End XCConfigurationList section */
	};
	rootObject = 2B1D95B82088D05100863F66 /* Project object */;
}
